# -------------------------------------------------------------------------- #
#
# Copyright (C) 2019  Intel Corporation. All rights reserved.
# Your use of Intel Corporation's design tools, logic functions 
# and other software and tools, and any partner logic 
# functions, and any output files from any of the foregoing 
# (including device programming or simulation files), and any 
# associated documentation or information are expressly subject 
# to the terms and conditions of the Intel Program License 
# Subscription Agreement, the Intel Quartus Prime License Agreement,
# the Intel FPGA IP License Agreement, or other applicable license
# agreement, including, without limitation, that your use is for
# the sole purpose of programming logic devices manufactured by
# Intel and sold by Intel or its authorized distributors.  Please
# refer to the applicable agreement for further details, at
# https://fpgasoftware.intel.com/eula.
#
# -------------------------------------------------------------------------- #
#
# Quartus Prime
# Version 18.1.1 Build 646 04/11/2019 SJ Standard Edition
# Date created = 18:53:41  March 02, 2020
#
# -------------------------------------------------------------------------- #
#
# Notes:
#
# 1) The default values for assignments are stored in the file:
#		dev_5cs_assignment_defaults.qdf
#    If this file doesn't exist, see file:
#		assignment_defaults.qdf
#
# 2) Altera recommends that you do not modify this file. This
#    file is updated automatically by the Quartus Prime software
#    and any changes you make may be lost or overwritten.
#
# -------------------------------------------------------------------------- #


set_global_assignment -name FAMILY "Cyclone V"
set_global_assignment -name DEVICE 5CSXFC5C6U23C7
set_global_assignment -name TOP_LEVEL_ENTITY dev_5cs_top
set_global_assignment -name ORIGINAL_QUARTUS_VERSION 18.1.1
set_global_assignment -name PROJECT_CREATION_TIME_DATE "18:53:41  MARCH 02, 2020"
set_global_assignment -name LAST_QUARTUS_VERSION "18.0.0 Standard Edition"
set_global_assignment -name PROJECT_OUTPUT_DIRECTORY output_files
set_global_assignment -name QIP_FILE dev_5cs/synthesis/dev_5cs.qip
set_global_assignment -name SDC_FILE dev_5cs.sdc
set_global_assignment -name VHDL_FILE dev_5cs_top.vhd
###################################################################
# pin_constraint.tcl start
###################################################################

set_global_assignment -name IOBANK_VCCIO 3.3V -section_id 3B
set_global_assignment -name IOBANK_VCCIO 3.3V -section_id 4A
set_global_assignment -name IOBANK_VCCIO 1.35V -section_id 6A
set_global_assignment -name IOBANK_VCCIO 1.35V -section_id 6B
set_global_assignment -name IOBANK_VCCIO 3.3V -section_id 7A
set_global_assignment -name IOBANK_VCCIO 1.8V -section_id 7B
set_global_assignment -name IOBANK_VCCIO 3.3V -section_id 7C
set_global_assignment -name IOBANK_VCCIO 1.8V -section_id 7D
set_global_assignment -name IOBANK_VCCIO 3.3V -section_id 8A
set_global_assignment -name IOBANK_VCCIO 3.3V -section_id 3A
set_global_assignment -name IOBANK_VCCIO 3.3V -section_id 5B
set_global_assignment -name IOBANK_VCCIO 3.3V -section_id 5A
set_location_assignment PIN_W15 -to FMC3_75
set_instance_assignment -name IO_STANDARD "3.3-V LVCMOS" -to FMC3_75
set_location_assignment PIN_AF26 -to FMC2_35
set_instance_assignment -name IO_STANDARD "3.3-V LVCMOS" -to FMC2_35
set_location_assignment PIN_AE26 -to FMC2_37
set_instance_assignment -name IO_STANDARD "3.3-V LVCMOS" -to FMC2_37
set_location_assignment PIN_AE25 -to FMC2_31
set_instance_assignment -name IO_STANDARD "3.3-V LVCMOS" -to FMC2_31
set_location_assignment PIN_AD26 -to FMC2_23
set_instance_assignment -name IO_STANDARD "3.3-V LVCMOS" -to FMC2_23
set_location_assignment PIN_AF25 -to FMC1_23
set_instance_assignment -name IO_STANDARD "3.3-V LVCMOS" -to FMC1_23
set_location_assignment PIN_AG25 -to FMC1_25
set_instance_assignment -name IO_STANDARD "3.3-V LVCMOS" -to FMC1_25
set_location_assignment PIN_AC22 -to FMC1_35
set_instance_assignment -name IO_STANDARD "3.3-V LVCMOS" -to FMC1_35
set_location_assignment PIN_AC23 -to FMC1_37
set_instance_assignment -name IO_STANDARD "3.3-V LVCMOS" -to FMC1_37
set_location_assignment PIN_AE24 -to FMC1_61
set_instance_assignment -name IO_STANDARD "3.3-V LVCMOS" -to FMC1_61
set_location_assignment PIN_AE23 -to FMC1_63
set_instance_assignment -name IO_STANDARD "3.3-V LVCMOS" -to FMC1_63
set_location_assignment PIN_AG23 -to FMC1_48
set_instance_assignment -name IO_STANDARD "3.3-V LVCMOS" -to FMC1_48
set_location_assignment PIN_AF23 -to FMC1_50
set_instance_assignment -name IO_STANDARD "3.3-V LVCMOS" -to FMC1_50
set_location_assignment PIN_AD23 -to FMC1_42
set_instance_assignment -name IO_STANDARD "3.3-V LVCMOS" -to FMC1_42
set_location_assignment PIN_AE22 -to FMC1_44
set_instance_assignment -name IO_STANDARD "3.3-V LVCMOS" -to FMC1_44
set_location_assignment PIN_AF22 -to FMC1_18
set_instance_assignment -name IO_STANDARD "3.3-V LVCMOS" -to FMC1_18
set_location_assignment PIN_AF21 -to FMC1_20
set_instance_assignment -name IO_STANDARD "3.3-V LVCMOS" -to FMC1_20
set_location_assignment PIN_AE20 -to FMC1_30
set_instance_assignment -name IO_STANDARD "3.3-V LVCMOS" -to FMC1_30
set_location_assignment PIN_AD20 -to FMC1_32
set_instance_assignment -name IO_STANDARD "3.3-V LVCMOS" -to FMC1_32
set_location_assignment PIN_AA19 -to FMC1_54
set_instance_assignment -name IO_STANDARD "3.3-V LVCMOS" -to FMC1_54
set_location_assignment PIN_AA18 -to FMC1_56
set_instance_assignment -name IO_STANDARD "3.3-V LVCMOS" -to FMC1_56
set_location_assignment PIN_AE19 -to FMC1_47
set_instance_assignment -name IO_STANDARD "3.3-V LVCMOS" -to FMC1_47
set_location_assignment PIN_AD19 -to FMC1_49
set_instance_assignment -name IO_STANDARD "3.3-V LVCMOS" -to FMC1_49
set_location_assignment PIN_Y15 -to FMC1_53
set_instance_assignment -name IO_STANDARD "3.3-V LVCMOS" -to FMC1_53
set_location_assignment PIN_AA15 -to FMC1_55
set_instance_assignment -name IO_STANDARD "3.3-V LVCMOS" -to FMC1_55
set_location_assignment PIN_AD17 -to FMC1_41
set_instance_assignment -name IO_STANDARD "3.3-V LVCMOS" -to FMC1_41
set_location_assignment PIN_AE17 -to FMC1_43
set_instance_assignment -name IO_STANDARD "3.3-V LVCMOS" -to FMC1_43
set_location_assignment PIN_W14 -to FMC1_12
set_instance_assignment -name IO_STANDARD "3.3-V LVCMOS" -to FMC1_12
set_location_assignment PIN_V13 -to FMC1_14
set_instance_assignment -name IO_STANDARD "3.3-V LVCMOS" -to FMC1_14
set_location_assignment PIN_AF17 -to FMC1_29
set_instance_assignment -name IO_STANDARD "3.3-V LVCMOS" -to FMC1_29
set_location_assignment PIN_AG16 -to FMC1_31
set_instance_assignment -name IO_STANDARD "3.3-V LVCMOS" -to FMC1_31
set_location_assignment PIN_Y13 -to FMC2_54
set_instance_assignment -name IO_STANDARD "3.3-V LVCMOS" -to FMC2_54
set_location_assignment PIN_AA13 -to FMC2_56
set_instance_assignment -name IO_STANDARD "3.3-V LVCMOS" -to FMC2_56
set_location_assignment PIN_AF15 -to FMC1_67
set_instance_assignment -name IO_STANDARD "3.3-V LVCMOS" -to FMC1_67
set_location_assignment PIN_AE15 -to FMC1_69
set_instance_assignment -name IO_STANDARD "3.3-V LVCMOS" -to FMC1_69
set_location_assignment PIN_U14 -to FMC3_81
set_instance_assignment -name IO_STANDARD "3.3-V LVCMOS" -to FMC3_81
set_location_assignment PIN_U13 -to FMC2_88
set_instance_assignment -name IO_STANDARD "3.3-V LVCMOS" -to FMC2_88
set_location_assignment PIN_AG13 -to FMC2_90
set_instance_assignment -name IO_STANDARD "3.3-V LVCMOS" -to FMC2_90
set_location_assignment PIN_AF13 -to FMC1_82
set_instance_assignment -name IO_STANDARD "3.3-V LVCMOS" -to FMC1_82
set_location_assignment PIN_AE12 -to FMC1_84
set_instance_assignment -name IO_STANDARD "3.3-V LVCMOS" -to FMC1_84
set_location_assignment PIN_AD12 -to FMC2_62
set_instance_assignment -name IO_STANDARD "3.3-V LVCMOS" -to FMC2_62
set_location_assignment PIN_AD11 -to FMC2_64
set_instance_assignment -name IO_STANDARD "3.3-V LVCMOS" -to FMC2_64
set_location_assignment PIN_AE11 -to FMC2_41
set_instance_assignment -name IO_STANDARD "3.3-V LVCMOS" -to FMC2_41
set_location_assignment PIN_AF11 -to FMC2_43
set_instance_assignment -name IO_STANDARD "3.3-V LVCMOS" -to FMC2_43
set_location_assignment PIN_AF10 -to FMC2_70
set_instance_assignment -name IO_STANDARD "3.3-V LVCMOS" -to FMC2_70
set_location_assignment PIN_T13 -to FMC2_61
set_instance_assignment -name IO_STANDARD "3.3-V LVCMOS" -to FMC2_61
set_location_assignment PIN_T12 -to FMC1_87
set_instance_assignment -name IO_STANDARD "3.3-V LVCMOS" -to FMC1_87
set_location_assignment PIN_T11 -to FMC2_17
set_instance_assignment -name IO_STANDARD "3.3-V LVCMOS" -to FMC2_17
set_location_assignment PIN_U11 -to FMC2_48
set_instance_assignment -name IO_STANDARD "3.3-V LVCMOS" -to FMC2_48
set_location_assignment PIN_V12 -to FMC2_50
set_instance_assignment -name IO_STANDARD "3.3-V LVCMOS" -to FMC2_50
set_location_assignment PIN_W12 -to FMC2_13
set_instance_assignment -name IO_STANDARD "3.3-V LVCMOS" -to FMC2_13
set_location_assignment PIN_V11 -to FMC2_75
set_instance_assignment -name IO_STANDARD "3.3-V LVCMOS" -to FMC2_75
set_location_assignment PIN_W11 -to FMC2_67
set_instance_assignment -name IO_STANDARD "3.3-V LVCMOS" -to FMC2_67
set_location_assignment PIN_AD10 -to FMC2_69
set_instance_assignment -name IO_STANDARD "3.3-V LVCMOS" -to FMC2_69
set_location_assignment PIN_AE9 -to FMC2_42
set_instance_assignment -name IO_STANDARD "3.3-V LVCMOS" -to FMC2_42
set_location_assignment PIN_D12 -to FMC2_44
set_instance_assignment -name IO_STANDARD "3.3-V LVCMOS" -to FMC2_44
set_location_assignment PIN_C12 -to FMC2_30
set_instance_assignment -name IO_STANDARD "3.3-V LVCMOS" -to FMC2_30
set_location_assignment PIN_AA20 -to FMC2_32
set_instance_assignment -name IO_STANDARD "3.3-V LVCMOS" -to FMC2_32
set_location_assignment PIN_Y19 -to FMC2_24
set_instance_assignment -name IO_STANDARD "3.3-V LVCMOS" -to FMC2_24
set_location_assignment PIN_Y17 -to FMC1_89
set_instance_assignment -name IO_STANDARD "3.3-V LVCMOS" -to FMC1_89
set_location_assignment PIN_Y18 -to FMC1_92
set_instance_assignment -name IO_STANDARD "3.3-V LVCMOS" -to FMC1_92
set_location_assignment PIN_Y11 -to FMC1_94
set_instance_assignment -name IO_STANDARD "3.3-V LVCMOS" -to FMC1_94
set_location_assignment PIN_AA11 -to FMC3_74
set_instance_assignment -name IO_STANDARD "3.3-V LVCMOS" -to FMC3_74
set_location_assignment PIN_U10 -to FMC3_76
set_instance_assignment -name IO_STANDARD "3.3-V LVCMOS" -to FMC3_76
set_location_assignment PIN_V10 -to FMC2_100
set_instance_assignment -name IO_STANDARD "3.3-V LVCMOS" -to FMC2_100
set_location_assignment PIN_U9 -to FMC2_14
set_instance_assignment -name IO_STANDARD "3.3-V LVCMOS" -to FMC2_14
set_location_assignment PIN_T8 -to FMC2_81
set_instance_assignment -name IO_STANDARD "3.3-V LVCMOS" -to FMC2_81
set_location_assignment PIN_W8 -to FMC2_83
set_instance_assignment -name IO_STANDARD "3.3-V LVCMOS" -to FMC2_83
set_location_assignment PIN_Y8 -to FMC2_73
set_instance_assignment -name IO_STANDARD "3.3-V LVCMOS" -to FMC2_73
set_location_assignment PIN_J12 -to RGMII1_RX_CLK
set_instance_assignment -name IO_STANDARD "1.8 V" -to RGMII1_RX_CLK
set_location_assignment PIN_D15 -to RGMII1_RESET_N
set_instance_assignment -name IO_STANDARD "1.8 V" -to RGMII1_RESET_N
set_location_assignment PIN_J13 -to RGMII1_RX_CTL
set_instance_assignment -name IO_STANDARD "1.8 V" -to RGMII1_RX_CTL
set_location_assignment PIN_A14 -to RGMII1_RXD0
set_instance_assignment -name IO_STANDARD "1.8 V" -to RGMII1_RXD0
set_location_assignment PIN_A11 -to RGMII1_RXD1
set_instance_assignment -name IO_STANDARD "1.8 V" -to RGMII1_RXD1
set_location_assignment PIN_C15 -to RGMII1_RXD2
set_instance_assignment -name IO_STANDARD "1.8 V" -to RGMII1_RXD2
set_location_assignment PIN_A9 -to RGMII1_RXD3
set_instance_assignment -name IO_STANDARD "1.8 V" -to RGMII1_RXD3
set_location_assignment PIN_A13 -to RGMII1_MDC
set_instance_assignment -name IO_STANDARD "1.8 V" -to RGMII1_MDC
set_location_assignment PIN_E16 -to RGMII1_MDIO
set_instance_assignment -name IO_STANDARD "1.8 V" -to RGMII1_MDIO
set_location_assignment PIN_A12 -to RGMII1_TX_CTL
set_instance_assignment -name IO_STANDARD "1.8 V" -to RGMII1_TX_CTL
set_location_assignment PIN_J15 -to RGMII1_TX_CLK
set_instance_assignment -name IO_STANDARD "1.8 V" -to RGMII1_TX_CLK
set_location_assignment PIN_D17 -to RGMII1_TXD3
set_instance_assignment -name IO_STANDARD "1.8 V" -to RGMII1_TXD3
set_location_assignment PIN_A15 -to RGMII1_TXD2
set_instance_assignment -name IO_STANDARD "1.8 V" -to RGMII1_TXD2
set_location_assignment PIN_J14 -to RGMII1_TXD1
set_instance_assignment -name IO_STANDARD "1.8 V" -to RGMII1_TXD1
set_location_assignment PIN_A16 -to RGMII1_TXD0
set_instance_assignment -name IO_STANDARD "1.8 V" -to RGMII1_TXD0
set_location_assignment PIN_B19 -to UART0_RX
set_instance_assignment -name IO_STANDARD "3.3-V LVCMOS" -to UART0_RX
set_location_assignment PIN_C16 -to UART0_TX
set_instance_assignment -name IO_STANDARD "3.3-V LVCMOS" -to UART0_TX
set_location_assignment PIN_C17 -to HDMI_I2C_SCL
set_instance_assignment -name IO_STANDARD "3.3-V LVCMOS" -to HDMI_I2C_SCL
set_location_assignment PIN_A18 -to HDMI_I2C_SDA
set_instance_assignment -name IO_STANDARD "3.3-V LVCMOS" -to HDMI_I2C_SDA
set_location_assignment PIN_H17 -to LED1
set_instance_assignment -name IO_STANDARD "3.3-V LVCMOS" -to LED1
set_location_assignment PIN_A17 -to TEMP_I2C_SDA
set_instance_assignment -name IO_STANDARD "3.3-V LVCMOS" -to TEMP_I2C_SDA
set_location_assignment PIN_J17 -to LED0
set_instance_assignment -name IO_STANDARD "3.3-V LVCMOS" -to LED0
set_location_assignment PIN_B18 -to FMC2_36
set_instance_assignment -name IO_STANDARD "3.3-V LVCMOS" -to FMC2_36
set_location_assignment PIN_C18 -to FMC3_36
set_instance_assignment -name IO_STANDARD "3.3-V LVCMOS" -to FMC3_36
set_location_assignment PIN_A19 -to FMC3_39
set_instance_assignment -name IO_STANDARD "3.3-V LVCMOS" -to FMC3_39
set_location_assignment PIN_J18 -to FMC3_38
set_instance_assignment -name IO_STANDARD "3.3-V LVCMOS" -to FMC3_38
set_location_assignment PIN_A20 -to FMC3_41
set_instance_assignment -name IO_STANDARD "3.3-V LVCMOS" -to FMC3_41
set_location_assignment PIN_K18 -to FMC_SCL
set_instance_assignment -name IO_STANDARD "3.3-V LVCMOS" -to FMC_SCL
set_location_assignment PIN_A21 -to FMC_SDA
set_instance_assignment -name IO_STANDARD "3.3-V LVCMOS" -to FMC_SDA
set_location_assignment PIN_B21 -to HDMI_INT
set_instance_assignment -name IO_STANDARD "3.3-V LVCMOS" -to HDMI_INT
set_location_assignment PIN_A22 -to LED2
set_instance_assignment -name IO_STANDARD "3.3-V LVCMOS" -to LED2
set_location_assignment PIN_C21 -to LED3
set_instance_assignment -name IO_STANDARD "3.3-V LVCMOS" -to LED3
set_location_assignment PIN_AC24 -to FMC3_85
set_instance_assignment -name IO_STANDARD "3.3-V LVCMOS" -to FMC3_85
set_location_assignment PIN_AB23 -to FMC3_87
set_instance_assignment -name IO_STANDARD "3.3-V LVCMOS" -to FMC3_87
set_location_assignment PIN_AF27 -to FMC1_73
set_instance_assignment -name IO_STANDARD "3.3-V LVCMOS" -to FMC1_73
set_location_assignment PIN_AF28 -to FMC1_75
set_instance_assignment -name IO_STANDARD "3.3-V LVCMOS" -to FMC1_75
set_location_assignment PIN_AG28 -to FMC1_81
set_instance_assignment -name IO_STANDARD "3.3-V LVCMOS" -to FMC1_81
set_location_assignment PIN_AH27 -to FMC1_83
set_instance_assignment -name IO_STANDARD "3.3-V LVCMOS" -to FMC1_83
set_location_assignment PIN_AH26 -to FMC1_11
set_instance_assignment -name IO_STANDARD "3.3-V LVCMOS" -to FMC1_11
set_location_assignment PIN_AG26 -to FMC1_13
set_instance_assignment -name IO_STANDARD "3.3-V LVCMOS" -to FMC1_13
set_location_assignment PIN_AG24 -to FMC1_17
set_instance_assignment -name IO_STANDARD "3.3-V LVCMOS" -to FMC1_17
set_location_assignment PIN_AH24 -to FMC1_19
set_instance_assignment -name IO_STANDARD "3.3-V LVCMOS" -to FMC1_19
set_location_assignment PIN_AH23 -to FMC1_24
set_instance_assignment -name IO_STANDARD "3.3-V LVCMOS" -to FMC1_24
set_location_assignment PIN_AH22 -to FMC1_26
set_instance_assignment -name IO_STANDARD "3.3-V LVCMOS" -to FMC1_26
set_location_assignment PIN_AH21 -to FMC1_36
set_instance_assignment -name IO_STANDARD "3.3-V LVCMOS" -to FMC1_36
set_location_assignment PIN_AG21 -to FMC1_38
set_instance_assignment -name IO_STANDARD "3.3-V LVCMOS" -to FMC1_38
set_location_assignment PIN_AF20 -to FMC1_62
set_instance_assignment -name IO_STANDARD "3.3-V LVCMOS" -to FMC1_62
set_location_assignment PIN_AG20 -to FMC1_64
set_instance_assignment -name IO_STANDARD "3.3-V LVCMOS" -to FMC1_64
set_location_assignment PIN_AG19 -to FMC1_68
set_instance_assignment -name IO_STANDARD "3.3-V LVCMOS" -to FMC1_68
set_location_assignment PIN_AH19 -to FMC1_70
set_instance_assignment -name IO_STANDARD "3.3-V LVCMOS" -to FMC1_70
set_location_assignment PIN_AG18 -to FMC1_74
set_instance_assignment -name IO_STANDARD "3.3-V LVCMOS" -to FMC1_74
set_location_assignment PIN_AH18 -to FMC1_76
set_instance_assignment -name IO_STANDARD "3.3-V LVCMOS" -to FMC1_76
set_location_assignment PIN_AF18 -to FMC1_9
set_instance_assignment -name IO_STANDARD "3.3-V LVCMOS" -to FMC1_9
set_location_assignment PIN_AH17 -to FMC1_10
set_instance_assignment -name IO_STANDARD "3.3-V LVCMOS" -to FMC1_10
set_location_assignment PIN_AH16 -to FMC2_97
set_instance_assignment -name IO_STANDARD "3.3-V LVCMOS" -to FMC2_97
set_location_assignment PIN_AG11 -to FMC2_99
set_instance_assignment -name IO_STANDARD "3.3-V LVCMOS" -to FMC2_99
set_location_assignment PIN_AH12 -to FMC3_80
set_instance_assignment -name IO_STANDARD "3.3-V LVCMOS" -to FMC3_80
set_location_assignment PIN_AH13 -to FMC3_82
set_instance_assignment -name IO_STANDARD "3.3-V LVCMOS" -to FMC3_82
set_location_assignment PIN_AG14 -to FMC2_87
set_instance_assignment -name IO_STANDARD "3.3-V LVCMOS" -to FMC2_87
set_location_assignment PIN_AH14 -to FMC2_89
set_instance_assignment -name IO_STANDARD "3.3-V LVCMOS" -to FMC2_89
set_location_assignment PIN_AG15 -to FMC2_53
set_instance_assignment -name IO_STANDARD "3.3-V LVCMOS" -to FMC2_53
set_location_assignment PIN_AH11 -to FMC2_55
set_instance_assignment -name IO_STANDARD "3.3-V LVCMOS" -to FMC2_55
set_location_assignment PIN_AG10 -to FMC2_38
set_instance_assignment -name IO_STANDARD "3.3-V LVCMOS" -to FMC2_38
set_location_assignment PIN_AH9 -to FMC1_88
set_instance_assignment -name IO_STANDARD "3.3-V LVCMOS" -to FMC1_88
set_location_assignment PIN_AG9 -to FMC1_90
set_instance_assignment -name IO_STANDARD "3.3-V LVCMOS" -to FMC1_90
set_location_assignment PIN_AH8 -to FMC2_94
set_instance_assignment -name IO_STANDARD "3.3-V LVCMOS" -to FMC2_94
set_location_assignment PIN_AG8 -to FMC2_96
set_instance_assignment -name IO_STANDARD "3.3-V LVCMOS" -to FMC2_96
set_location_assignment PIN_AH7 -to FMC3_79
set_instance_assignment -name IO_STANDARD "3.3-V LVCMOS" -to FMC3_79
set_location_assignment PIN_AE8 -to FMC2_25
set_instance_assignment -name IO_STANDARD "3.3-V LVCMOS" -to FMC2_25
set_location_assignment PIN_AF9 -to FMC2_19
set_instance_assignment -name IO_STANDARD "3.3-V LVCMOS" -to FMC2_19
set_location_assignment PIN_AE7 -to FMC2_47
set_instance_assignment -name IO_STANDARD "3.3-V LVCMOS" -to FMC2_47
set_location_assignment PIN_AF8 -to FMC2_49
set_instance_assignment -name IO_STANDARD "3.3-V LVCMOS" -to FMC2_49
set_location_assignment PIN_AF5 -to HDMI_CLK
set_instance_assignment -name IO_STANDARD "3.3-V LVCMOS" -to HDMI_CLK
set_location_assignment PIN_AF6 -to HDMI_D7
set_instance_assignment -name IO_STANDARD "3.3-V LVCMOS" -to HDMI_D7
set_location_assignment PIN_AF7 -to HDMI_D6
set_instance_assignment -name IO_STANDARD "3.3-V LVCMOS" -to HDMI_D6
set_location_assignment PIN_AG6 -to HDMI_D5
set_instance_assignment -name IO_STANDARD "3.3-V LVCMOS" -to HDMI_D5
set_location_assignment PIN_AH6 -to HDMI_D4
set_instance_assignment -name IO_STANDARD "3.3-V LVCMOS" -to HDMI_D4
set_location_assignment PIN_AH5 -to HDMI_D3
set_instance_assignment -name IO_STANDARD "3.3-V LVCMOS" -to HDMI_D3
set_location_assignment PIN_AG5 -to HDMI_D2
set_instance_assignment -name IO_STANDARD "3.3-V LVCMOS" -to HDMI_D2
set_location_assignment PIN_AH4 -to HDMI_D1
set_instance_assignment -name IO_STANDARD "3.3-V LVCMOS" -to HDMI_D1
set_location_assignment PIN_AE4 -to HDMI_D0
set_instance_assignment -name IO_STANDARD "3.3-V LVCMOS" -to HDMI_D0
set_location_assignment PIN_AF4 -to FMC2_82
set_instance_assignment -name IO_STANDARD "3.3-V LVCMOS" -to FMC2_82
set_location_assignment PIN_AH3 -to FMC2_84
set_instance_assignment -name IO_STANDARD "3.3-V LVCMOS" -to FMC2_84
set_location_assignment PIN_AH2 -to FMC2_74
set_instance_assignment -name IO_STANDARD "3.3-V LVCMOS" -to FMC2_74
set_location_assignment PIN_E11 -to FMC2_76
set_instance_assignment -name IO_STANDARD "3.3-V LVCMOS" -to FMC2_76
set_location_assignment PIN_D11 -to FMC2_63
set_instance_assignment -name IO_STANDARD "3.3-V LVCMOS" -to FMC2_63
set_location_assignment PIN_E8 -to FMC2_26
set_instance_assignment -name IO_STANDARD "3.3-V LVCMOS" -to FMC2_26
set_location_assignment PIN_D8 -to FMC2_18
set_instance_assignment -name IO_STANDARD "3.3-V LVCMOS" -to FMC2_18
set_location_assignment PIN_AC4 -to FMC2_20
set_instance_assignment -name IO_STANDARD "3.3-V LVCMOS" -to FMC2_20
set_location_assignment PIN_AD4 -to FMC2_29
set_instance_assignment -name IO_STANDARD "3.3-V LVCMOS" -to FMC2_29
set_location_assignment PIN_AD5 -to FMC2_68
set_instance_assignment -name IO_STANDARD "3.3-V LVCMOS" -to FMC2_68
set_location_assignment PIN_AE6 -to FMC1_91
set_instance_assignment -name IO_STANDARD "3.3-V LVCMOS" -to FMC1_91
set_location_assignment PIN_AA4 -to FMC1_93
set_instance_assignment -name IO_STANDARD "3.3-V LVCMOS" -to FMC1_93
set_location_assignment PIN_AB4 -to FMC2_93
set_instance_assignment -name IO_STANDARD "3.3-V LVCMOS" -to FMC2_93
set_location_assignment PIN_Y5 -to FMC2_95
set_instance_assignment -name IO_STANDARD "3.3-V LVCMOS" -to FMC2_95
set_location_assignment PIN_Y4 -to FMC3_73
set_instance_assignment -name IO_STANDARD "3.3-V LVCMOS" -to FMC3_73
set_location_assignment PIN_B12 -to LED4
set_instance_assignment -name IO_STANDARD "3.3-V LVCMOS" -to LED4
set_location_assignment PIN_B6 -to MMC0_DAT1
set_instance_assignment -name IO_STANDARD "3.3-V LVCMOS" -to MMC0_DAT1
set_location_assignment PIN_C13 -to MMC0_DAT0
set_instance_assignment -name IO_STANDARD "3.3-V LVCMOS" -to MMC0_DAT0
set_location_assignment PIN_A5 -to USB_HUB_RST_N
set_instance_assignment -name IO_STANDARD "3.3-V LVCMOS" -to USB_HUB_RST_N
set_location_assignment PIN_B8 -to MMC0_CLK
set_instance_assignment -name IO_STANDARD "3.3-V LVCMOS" -to MMC0_CLK
set_location_assignment PIN_D14 -to MMC0_CMD
set_instance_assignment -name IO_STANDARD "3.3-V LVCMOS" -to MMC0_CMD
set_location_assignment PIN_B9 -to MMC0_DAT3
set_instance_assignment -name IO_STANDARD "3.3-V LVCMOS" -to MMC0_DAT3
set_location_assignment PIN_B11 -to MMC0_DAT2
set_instance_assignment -name IO_STANDARD "3.3-V LVCMOS" -to MMC0_DAT2
set_location_assignment PIN_H13 -to LED5
set_instance_assignment -name IO_STANDARD "3.3-V LVCMOS" -to LED5
set_location_assignment PIN_A4 -to LED6
set_instance_assignment -name IO_STANDARD "3.3-V LVCMOS" -to LED6
set_location_assignment PIN_H12 -to LED7
set_instance_assignment -name IO_STANDARD "3.3-V LVCMOS" -to LED7
set_location_assignment PIN_B4 -to TEMP_I2C_SCL
set_instance_assignment -name IO_STANDARD "3.3-V LVCMOS" -to TEMP_I2C_SCL
###################################################################
# pin_constraint.tcl end
###################################################################

set_instance_assignment -name IO_STANDARD "1.8 V" -to QSPI_CLK
set_instance_assignment -name IO_STANDARD "1.8 V" -to QSPI_DQ0
set_instance_assignment -name IO_STANDARD "1.8 V" -to QSPI_DQ1
set_instance_assignment -name IO_STANDARD "1.8 V" -to QSPI_DQ2
set_instance_assignment -name IO_STANDARD "1.8 V" -to QSPI_DQ3
set_instance_assignment -name IO_STANDARD "1.8 V" -to QSPI_SS0
set_instance_assignment -name IO_STANDARD "1.8 V" -to QSPI_SS1
set_instance_assignment -name IO_STANDARD "1.8 V" -to USB1_ULPI_STP
set_instance_assignment -name IO_STANDARD "1.8 V" -to USB1_ULPI_CLK
set_instance_assignment -name IO_STANDARD "1.8 V" -to USB1_ULPI_CS
set_instance_assignment -name IO_STANDARD "1.8 V" -to USB1_ULPI_D0
set_instance_assignment -name IO_STANDARD "1.8 V" -to USB1_ULPI_D1
set_instance_assignment -name IO_STANDARD "1.8 V" -to USB1_ULPI_D2
set_instance_assignment -name IO_STANDARD "1.8 V" -to USB1_ULPI_D3
set_instance_assignment -name IO_STANDARD "1.8 V" -to USB1_ULPI_D4
set_instance_assignment -name IO_STANDARD "1.8 V" -to USB1_ULPI_D5
set_instance_assignment -name IO_STANDARD "1.8 V" -to USB1_ULPI_D6
set_instance_assignment -name IO_STANDARD "1.8 V" -to USB1_ULPI_D7
set_instance_assignment -name IO_STANDARD "1.8 V" -to USB1_ULPI_DIR
set_instance_assignment -name IO_STANDARD "1.8 V" -to USB1_ULPI_NXT
set_instance_assignment -name IO_STANDARD "1.8 V" -to USB1_ULPI_RESET_N
set_instance_assignment -name IO_STANDARD "3.3-V LVCMOS" -to B7A_I2C0_SCL
set_instance_assignment -name IO_STANDARD "3.3-V LVCMOS" -to B7A_I2C0_SDA
set_location_assignment PIN_B16 -to B7A_I2C0_SCL
set_location_assignment PIN_C19 -to B7A_I2C0_SDA
set_location_assignment PIN_C28 -to HPS_DDR_A[0]
set_location_assignment PIN_B28 -to HPS_DDR_A[1]
set_location_assignment PIN_A24 -to HPS_DDR_A[10]
set_location_assignment PIN_B24 -to HPS_DDR_A[11]
set_location_assignment PIN_D24 -to HPS_DDR_A[12]
set_location_assignment PIN_C24 -to HPS_DDR_A[13]
set_location_assignment PIN_G23 -to HPS_DDR_A[14]
set_location_assignment PIN_E26 -to HPS_DDR_A[2]
set_location_assignment PIN_D26 -to HPS_DDR_A[3]
set_location_assignment PIN_J21 -to HPS_DDR_A[4]
set_location_assignment PIN_J20 -to HPS_DDR_A[5]
set_location_assignment PIN_C26 -to HPS_DDR_A[6]
set_location_assignment PIN_B26 -to HPS_DDR_A[7]
set_location_assignment PIN_F26 -to HPS_DDR_A[8]
set_location_assignment PIN_F25 -to HPS_DDR_A[9]
set_location_assignment PIN_A27 -to HPS_DDR_BAS[0]
set_location_assignment PIN_H25 -to HPS_DDR_BAS[1]
set_location_assignment PIN_G25 -to HPS_DDR_BAS[2]
set_location_assignment PIN_A26 -to HPS_DDR_CAS_N
set_location_assignment PIN_N20 -to HPS_DDR_CK_N
set_location_assignment PIN_N21 -to HPS_DDR_CK_P
set_location_assignment PIN_L28 -to HPS_DDR_CKE
set_location_assignment PIN_L21 -to HPS_DDR_CS0_N
set_location_assignment PIN_J25 -to HPS_DDR_D[0]
set_location_assignment PIN_J24 -to HPS_DDR_D[1]
set_location_assignment PIN_J27 -to HPS_DDR_D[10]
set_location_assignment PIN_J28 -to HPS_DDR_D[11]
set_location_assignment PIN_M27 -to HPS_DDR_D[12]
set_location_assignment PIN_M26 -to HPS_DDR_D[13]
set_location_assignment PIN_M28 -to HPS_DDR_D[14]
set_location_assignment PIN_N28 -to HPS_DDR_D[15]
set_location_assignment PIN_N24 -to HPS_DDR_D[16]
set_location_assignment PIN_N25 -to HPS_DDR_D[17]
set_location_assignment PIN_T28 -to HPS_DDR_D[18]
set_location_assignment PIN_U28 -to HPS_DDR_D[19]
set_location_assignment PIN_E28 -to HPS_DDR_D[2]
set_location_assignment PIN_N26 -to HPS_DDR_D[20]
set_location_assignment PIN_N27 -to HPS_DDR_D[21]
set_location_assignment PIN_R27 -to HPS_DDR_D[22]
set_location_assignment PIN_V27 -to HPS_DDR_D[23]
set_location_assignment PIN_R26 -to HPS_DDR_D[24]
set_location_assignment PIN_R25 -to HPS_DDR_D[25]
set_location_assignment PIN_AA28 -to HPS_DDR_D[26]
set_location_assignment PIN_W26 -to HPS_DDR_D[27]
set_location_assignment PIN_R24 -to HPS_DDR_D[28]
set_location_assignment PIN_T24 -to HPS_DDR_D[29]
set_location_assignment PIN_D27 -to HPS_DDR_D[3]
set_location_assignment PIN_Y27 -to HPS_DDR_D[30]
set_location_assignment PIN_AA27 -to HPS_DDR_D[31]
set_location_assignment PIN_T26 -to HPS_DDR_D[32]
set_location_assignment PIN_U25 -to HPS_DDR_D[33]
set_location_assignment PIN_AC28 -to HPS_DDR_D[34]
set_location_assignment PIN_V25 -to HPS_DDR_D[35]
set_location_assignment PIN_V19 -to HPS_DDR_D[36]
set_location_assignment PIN_V20 -to HPS_DDR_D[37]
set_location_assignment PIN_AE27 -to HPS_DDR_D[38]
set_location_assignment PIN_AD28 -to HPS_DDR_D[39]
set_location_assignment PIN_J26 -to HPS_DDR_D[4]
set_location_assignment PIN_K26 -to HPS_DDR_D[5]
set_location_assignment PIN_G27 -to HPS_DDR_D[6]
set_location_assignment PIN_F28 -to HPS_DDR_D[7]
set_location_assignment PIN_K25 -to HPS_DDR_D[8]
set_location_assignment PIN_L25 -to HPS_DDR_D[9]
set_location_assignment PIN_G28 -to HPS_DDR_DQM[0]
set_location_assignment PIN_P28 -to HPS_DDR_DQM[1]
set_location_assignment PIN_W28 -to HPS_DDR_DQM[2]
set_location_assignment PIN_AB28 -to HPS_DDR_DQM[3]
set_location_assignment PIN_AE28 -to HPS_DDR_DQM[4]
set_location_assignment PIN_R16 -to HPS_DDR_DQS_N[0]
set_location_assignment PIN_R18 -to HPS_DDR_DQS_N[1]
set_location_assignment PIN_T18 -to HPS_DDR_DQS_N[2]
set_location_assignment PIN_T20 -to HPS_DDR_DQS_N[3]
set_location_assignment PIN_V17 -to HPS_DDR_DQS_N[4]
set_location_assignment PIN_R17 -to HPS_DDR_DQS_P[0]
set_location_assignment PIN_R19 -to HPS_DDR_DQS_P[1]
set_location_assignment PIN_T19 -to HPS_DDR_DQS_P[2]
set_location_assignment PIN_U19 -to HPS_DDR_DQS_P[3]
set_location_assignment PIN_V18 -to HPS_DDR_DQS_P[4]
set_location_assignment PIN_A25 -to HPS_DDR_RAS_N
set_location_assignment PIN_V28 -to HPS_DDR_RESET_N
set_location_assignment PIN_E25 -to HPS_DDR_WE_N
set_location_assignment PIN_D28 -to HPS_ODT
set_location_assignment PIN_D25 -to HPS_RZQ0
set_location_assignment PIN_C14 -to QSPI_CLK
set_location_assignment PIN_A8 -to QSPI_DQ0
set_location_assignment PIN_H16 -to QSPI_DQ1
set_location_assignment PIN_A7 -to QSPI_DQ2
set_location_assignment PIN_J16 -to QSPI_DQ3
set_location_assignment PIN_A6 -to QSPI_SS0
set_location_assignment PIN_B14 -to QSPI_SS1
set_location_assignment PIN_G4 -to USB1_ULPI_CLK
set_location_assignment PIN_E4 -to USB1_ULPI_CS
set_location_assignment PIN_C10 -to USB1_ULPI_D0
set_location_assignment PIN_F5 -to USB1_ULPI_D1
set_location_assignment PIN_C9 -to USB1_ULPI_D2
set_location_assignment PIN_C4 -to USB1_ULPI_D3
set_location_assignment PIN_C8 -to USB1_ULPI_D4
set_location_assignment PIN_D4 -to USB1_ULPI_D5
set_location_assignment PIN_C7 -to USB1_ULPI_D6
set_location_assignment PIN_F4 -to USB1_ULPI_D7
set_location_assignment PIN_E5 -to USB1_ULPI_DIR
set_location_assignment PIN_D5 -to USB1_ULPI_NXT
set_location_assignment PIN_C6 -to USB1_ULPI_RESET_N
set_location_assignment PIN_C5 -to USB1_ULPI_STP
set_global_assignment -name QIP_FILE ip_cores/hdmi_ddio/hdmi_ddio.qip


set_instance_assignment -name IO_STANDARD "SSTL-135" -to HPS_RZQ0 -tag __hps_sdram_p0
set_instance_assignment -name IO_STANDARD "SSTL-135" -to HPS_DDR_D[0] -tag __hps_sdram_p0
set_instance_assignment -name INPUT_TERMINATION "PARALLEL 60 OHM WITH CALIBRATION" -to HPS_DDR_D[0] -tag __hps_sdram_p0
set_instance_assignment -name OUTPUT_TERMINATION "SERIES 34 OHM WITH CALIBRATION" -to HPS_DDR_D[0] -tag __hps_sdram_p0
set_instance_assignment -name PACKAGE_SKEW_COMPENSATION OFF -to HPS_DDR_D[0] -tag __hps_sdram_p0
set_instance_assignment -name IO_STANDARD "SSTL-135" -to HPS_DDR_D[1] -tag __hps_sdram_p0
set_instance_assignment -name INPUT_TERMINATION "PARALLEL 60 OHM WITH CALIBRATION" -to HPS_DDR_D[1] -tag __hps_sdram_p0
set_instance_assignment -name OUTPUT_TERMINATION "SERIES 34 OHM WITH CALIBRATION" -to HPS_DDR_D[1] -tag __hps_sdram_p0
set_instance_assignment -name PACKAGE_SKEW_COMPENSATION OFF -to HPS_DDR_D[1] -tag __hps_sdram_p0
set_instance_assignment -name IO_STANDARD "SSTL-135" -to HPS_DDR_D[2] -tag __hps_sdram_p0
set_instance_assignment -name INPUT_TERMINATION "PARALLEL 60 OHM WITH CALIBRATION" -to HPS_DDR_D[2] -tag __hps_sdram_p0
set_instance_assignment -name OUTPUT_TERMINATION "SERIES 34 OHM WITH CALIBRATION" -to HPS_DDR_D[2] -tag __hps_sdram_p0
set_instance_assignment -name PACKAGE_SKEW_COMPENSATION OFF -to HPS_DDR_D[2] -tag __hps_sdram_p0
set_instance_assignment -name IO_STANDARD "SSTL-135" -to HPS_DDR_D[3] -tag __hps_sdram_p0
set_instance_assignment -name INPUT_TERMINATION "PARALLEL 60 OHM WITH CALIBRATION" -to HPS_DDR_D[3] -tag __hps_sdram_p0
set_instance_assignment -name OUTPUT_TERMINATION "SERIES 34 OHM WITH CALIBRATION" -to HPS_DDR_D[3] -tag __hps_sdram_p0
set_instance_assignment -name PACKAGE_SKEW_COMPENSATION OFF -to HPS_DDR_D[3] -tag __hps_sdram_p0
set_instance_assignment -name IO_STANDARD "SSTL-135" -to HPS_DDR_D[4] -tag __hps_sdram_p0
set_instance_assignment -name INPUT_TERMINATION "PARALLEL 60 OHM WITH CALIBRATION" -to HPS_DDR_D[4] -tag __hps_sdram_p0
set_instance_assignment -name OUTPUT_TERMINATION "SERIES 34 OHM WITH CALIBRATION" -to HPS_DDR_D[4] -tag __hps_sdram_p0
set_instance_assignment -name PACKAGE_SKEW_COMPENSATION OFF -to HPS_DDR_D[4] -tag __hps_sdram_p0
set_instance_assignment -name IO_STANDARD "SSTL-135" -to HPS_DDR_D[5] -tag __hps_sdram_p0
set_instance_assignment -name INPUT_TERMINATION "PARALLEL 60 OHM WITH CALIBRATION" -to HPS_DDR_D[5] -tag __hps_sdram_p0
set_instance_assignment -name OUTPUT_TERMINATION "SERIES 34 OHM WITH CALIBRATION" -to HPS_DDR_D[5] -tag __hps_sdram_p0
set_instance_assignment -name PACKAGE_SKEW_COMPENSATION OFF -to HPS_DDR_D[5] -tag __hps_sdram_p0
set_instance_assignment -name IO_STANDARD "SSTL-135" -to HPS_DDR_D[6] -tag __hps_sdram_p0
set_instance_assignment -name INPUT_TERMINATION "PARALLEL 60 OHM WITH CALIBRATION" -to HPS_DDR_D[6] -tag __hps_sdram_p0
set_instance_assignment -name OUTPUT_TERMINATION "SERIES 34 OHM WITH CALIBRATION" -to HPS_DDR_D[6] -tag __hps_sdram_p0
set_instance_assignment -name PACKAGE_SKEW_COMPENSATION OFF -to HPS_DDR_D[6] -tag __hps_sdram_p0
set_instance_assignment -name IO_STANDARD "SSTL-135" -to HPS_DDR_D[7] -tag __hps_sdram_p0
set_instance_assignment -name INPUT_TERMINATION "PARALLEL 60 OHM WITH CALIBRATION" -to HPS_DDR_D[7] -tag __hps_sdram_p0
set_instance_assignment -name OUTPUT_TERMINATION "SERIES 34 OHM WITH CALIBRATION" -to HPS_DDR_D[7] -tag __hps_sdram_p0
set_instance_assignment -name PACKAGE_SKEW_COMPENSATION OFF -to HPS_DDR_D[7] -tag __hps_sdram_p0
set_instance_assignment -name IO_STANDARD "SSTL-135" -to HPS_DDR_D[8] -tag __hps_sdram_p0
set_instance_assignment -name INPUT_TERMINATION "PARALLEL 60 OHM WITH CALIBRATION" -to HPS_DDR_D[8] -tag __hps_sdram_p0
set_instance_assignment -name OUTPUT_TERMINATION "SERIES 34 OHM WITH CALIBRATION" -to HPS_DDR_D[8] -tag __hps_sdram_p0
set_instance_assignment -name PACKAGE_SKEW_COMPENSATION OFF -to HPS_DDR_D[8] -tag __hps_sdram_p0
set_instance_assignment -name IO_STANDARD "SSTL-135" -to HPS_DDR_D[9] -tag __hps_sdram_p0
set_instance_assignment -name INPUT_TERMINATION "PARALLEL 60 OHM WITH CALIBRATION" -to HPS_DDR_D[9] -tag __hps_sdram_p0
set_instance_assignment -name OUTPUT_TERMINATION "SERIES 34 OHM WITH CALIBRATION" -to HPS_DDR_D[9] -tag __hps_sdram_p0
set_instance_assignment -name PACKAGE_SKEW_COMPENSATION OFF -to HPS_DDR_D[9] -tag __hps_sdram_p0
set_instance_assignment -name IO_STANDARD "SSTL-135" -to HPS_DDR_D[10] -tag __hps_sdram_p0
set_instance_assignment -name INPUT_TERMINATION "PARALLEL 60 OHM WITH CALIBRATION" -to HPS_DDR_D[10] -tag __hps_sdram_p0
set_instance_assignment -name OUTPUT_TERMINATION "SERIES 34 OHM WITH CALIBRATION" -to HPS_DDR_D[10] -tag __hps_sdram_p0
set_instance_assignment -name PACKAGE_SKEW_COMPENSATION OFF -to HPS_DDR_D[10] -tag __hps_sdram_p0
set_instance_assignment -name IO_STANDARD "SSTL-135" -to HPS_DDR_D[11] -tag __hps_sdram_p0
set_instance_assignment -name INPUT_TERMINATION "PARALLEL 60 OHM WITH CALIBRATION" -to HPS_DDR_D[11] -tag __hps_sdram_p0
set_instance_assignment -name OUTPUT_TERMINATION "SERIES 34 OHM WITH CALIBRATION" -to HPS_DDR_D[11] -tag __hps_sdram_p0
set_instance_assignment -name PACKAGE_SKEW_COMPENSATION OFF -to HPS_DDR_D[11] -tag __hps_sdram_p0
set_instance_assignment -name IO_STANDARD "SSTL-135" -to HPS_DDR_D[12] -tag __hps_sdram_p0
set_instance_assignment -name INPUT_TERMINATION "PARALLEL 60 OHM WITH CALIBRATION" -to HPS_DDR_D[12] -tag __hps_sdram_p0
set_instance_assignment -name OUTPUT_TERMINATION "SERIES 34 OHM WITH CALIBRATION" -to HPS_DDR_D[12] -tag __hps_sdram_p0
set_instance_assignment -name PACKAGE_SKEW_COMPENSATION OFF -to HPS_DDR_D[12] -tag __hps_sdram_p0
set_instance_assignment -name IO_STANDARD "SSTL-135" -to HPS_DDR_D[13] -tag __hps_sdram_p0
set_instance_assignment -name INPUT_TERMINATION "PARALLEL 60 OHM WITH CALIBRATION" -to HPS_DDR_D[13] -tag __hps_sdram_p0
set_instance_assignment -name OUTPUT_TERMINATION "SERIES 34 OHM WITH CALIBRATION" -to HPS_DDR_D[13] -tag __hps_sdram_p0
set_instance_assignment -name PACKAGE_SKEW_COMPENSATION OFF -to HPS_DDR_D[13] -tag __hps_sdram_p0
set_instance_assignment -name IO_STANDARD "SSTL-135" -to HPS_DDR_D[14] -tag __hps_sdram_p0
set_instance_assignment -name INPUT_TERMINATION "PARALLEL 60 OHM WITH CALIBRATION" -to HPS_DDR_D[14] -tag __hps_sdram_p0
set_instance_assignment -name OUTPUT_TERMINATION "SERIES 34 OHM WITH CALIBRATION" -to HPS_DDR_D[14] -tag __hps_sdram_p0
set_instance_assignment -name PACKAGE_SKEW_COMPENSATION OFF -to HPS_DDR_D[14] -tag __hps_sdram_p0
set_instance_assignment -name IO_STANDARD "SSTL-135" -to HPS_DDR_D[15] -tag __hps_sdram_p0
set_instance_assignment -name INPUT_TERMINATION "PARALLEL 60 OHM WITH CALIBRATION" -to HPS_DDR_D[15] -tag __hps_sdram_p0
set_instance_assignment -name OUTPUT_TERMINATION "SERIES 34 OHM WITH CALIBRATION" -to HPS_DDR_D[15] -tag __hps_sdram_p0
set_instance_assignment -name PACKAGE_SKEW_COMPENSATION OFF -to HPS_DDR_D[15] -tag __hps_sdram_p0
set_instance_assignment -name IO_STANDARD "SSTL-135" -to HPS_DDR_D[16] -tag __hps_sdram_p0
set_instance_assignment -name INPUT_TERMINATION "PARALLEL 60 OHM WITH CALIBRATION" -to HPS_DDR_D[16] -tag __hps_sdram_p0
set_instance_assignment -name OUTPUT_TERMINATION "SERIES 34 OHM WITH CALIBRATION" -to HPS_DDR_D[16] -tag __hps_sdram_p0
set_instance_assignment -name PACKAGE_SKEW_COMPENSATION OFF -to HPS_DDR_D[16] -tag __hps_sdram_p0
set_instance_assignment -name IO_STANDARD "SSTL-135" -to HPS_DDR_D[17] -tag __hps_sdram_p0
set_instance_assignment -name INPUT_TERMINATION "PARALLEL 60 OHM WITH CALIBRATION" -to HPS_DDR_D[17] -tag __hps_sdram_p0
set_instance_assignment -name OUTPUT_TERMINATION "SERIES 34 OHM WITH CALIBRATION" -to HPS_DDR_D[17] -tag __hps_sdram_p0
set_instance_assignment -name PACKAGE_SKEW_COMPENSATION OFF -to HPS_DDR_D[17] -tag __hps_sdram_p0
set_instance_assignment -name IO_STANDARD "SSTL-135" -to HPS_DDR_D[18] -tag __hps_sdram_p0
set_instance_assignment -name INPUT_TERMINATION "PARALLEL 60 OHM WITH CALIBRATION" -to HPS_DDR_D[18] -tag __hps_sdram_p0
set_instance_assignment -name OUTPUT_TERMINATION "SERIES 34 OHM WITH CALIBRATION" -to HPS_DDR_D[18] -tag __hps_sdram_p0
set_instance_assignment -name PACKAGE_SKEW_COMPENSATION OFF -to HPS_DDR_D[18] -tag __hps_sdram_p0
set_instance_assignment -name IO_STANDARD "SSTL-135" -to HPS_DDR_D[19] -tag __hps_sdram_p0
set_instance_assignment -name INPUT_TERMINATION "PARALLEL 60 OHM WITH CALIBRATION" -to HPS_DDR_D[19] -tag __hps_sdram_p0
set_instance_assignment -name OUTPUT_TERMINATION "SERIES 34 OHM WITH CALIBRATION" -to HPS_DDR_D[19] -tag __hps_sdram_p0
set_instance_assignment -name PACKAGE_SKEW_COMPENSATION OFF -to HPS_DDR_D[19] -tag __hps_sdram_p0
set_instance_assignment -name IO_STANDARD "SSTL-135" -to HPS_DDR_D[20] -tag __hps_sdram_p0
set_instance_assignment -name INPUT_TERMINATION "PARALLEL 60 OHM WITH CALIBRATION" -to HPS_DDR_D[20] -tag __hps_sdram_p0
set_instance_assignment -name OUTPUT_TERMINATION "SERIES 34 OHM WITH CALIBRATION" -to HPS_DDR_D[20] -tag __hps_sdram_p0
set_instance_assignment -name PACKAGE_SKEW_COMPENSATION OFF -to HPS_DDR_D[20] -tag __hps_sdram_p0
set_instance_assignment -name IO_STANDARD "SSTL-135" -to HPS_DDR_D[21] -tag __hps_sdram_p0
set_instance_assignment -name INPUT_TERMINATION "PARALLEL 60 OHM WITH CALIBRATION" -to HPS_DDR_D[21] -tag __hps_sdram_p0
set_instance_assignment -name OUTPUT_TERMINATION "SERIES 34 OHM WITH CALIBRATION" -to HPS_DDR_D[21] -tag __hps_sdram_p0
set_instance_assignment -name PACKAGE_SKEW_COMPENSATION OFF -to HPS_DDR_D[21] -tag __hps_sdram_p0
set_instance_assignment -name IO_STANDARD "SSTL-135" -to HPS_DDR_D[22] -tag __hps_sdram_p0
set_instance_assignment -name INPUT_TERMINATION "PARALLEL 60 OHM WITH CALIBRATION" -to HPS_DDR_D[22] -tag __hps_sdram_p0
set_instance_assignment -name OUTPUT_TERMINATION "SERIES 34 OHM WITH CALIBRATION" -to HPS_DDR_D[22] -tag __hps_sdram_p0
set_instance_assignment -name PACKAGE_SKEW_COMPENSATION OFF -to HPS_DDR_D[22] -tag __hps_sdram_p0
set_instance_assignment -name IO_STANDARD "SSTL-135" -to HPS_DDR_D[23] -tag __hps_sdram_p0
set_instance_assignment -name INPUT_TERMINATION "PARALLEL 60 OHM WITH CALIBRATION" -to HPS_DDR_D[23] -tag __hps_sdram_p0
set_instance_assignment -name OUTPUT_TERMINATION "SERIES 34 OHM WITH CALIBRATION" -to HPS_DDR_D[23] -tag __hps_sdram_p0
set_instance_assignment -name PACKAGE_SKEW_COMPENSATION OFF -to HPS_DDR_D[23] -tag __hps_sdram_p0
set_instance_assignment -name IO_STANDARD "SSTL-135" -to HPS_DDR_D[24] -tag __hps_sdram_p0
set_instance_assignment -name INPUT_TERMINATION "PARALLEL 60 OHM WITH CALIBRATION" -to HPS_DDR_D[24] -tag __hps_sdram_p0
set_instance_assignment -name OUTPUT_TERMINATION "SERIES 34 OHM WITH CALIBRATION" -to HPS_DDR_D[24] -tag __hps_sdram_p0
set_instance_assignment -name PACKAGE_SKEW_COMPENSATION OFF -to HPS_DDR_D[24] -tag __hps_sdram_p0
set_instance_assignment -name IO_STANDARD "SSTL-135" -to HPS_DDR_D[25] -tag __hps_sdram_p0
set_instance_assignment -name INPUT_TERMINATION "PARALLEL 60 OHM WITH CALIBRATION" -to HPS_DDR_D[25] -tag __hps_sdram_p0
set_instance_assignment -name OUTPUT_TERMINATION "SERIES 34 OHM WITH CALIBRATION" -to HPS_DDR_D[25] -tag __hps_sdram_p0
set_instance_assignment -name PACKAGE_SKEW_COMPENSATION OFF -to HPS_DDR_D[25] -tag __hps_sdram_p0
set_instance_assignment -name IO_STANDARD "SSTL-135" -to HPS_DDR_D[26] -tag __hps_sdram_p0
set_instance_assignment -name INPUT_TERMINATION "PARALLEL 60 OHM WITH CALIBRATION" -to HPS_DDR_D[26] -tag __hps_sdram_p0
set_instance_assignment -name OUTPUT_TERMINATION "SERIES 34 OHM WITH CALIBRATION" -to HPS_DDR_D[26] -tag __hps_sdram_p0
set_instance_assignment -name PACKAGE_SKEW_COMPENSATION OFF -to HPS_DDR_D[26] -tag __hps_sdram_p0
set_instance_assignment -name IO_STANDARD "SSTL-135" -to HPS_DDR_D[27] -tag __hps_sdram_p0
set_instance_assignment -name INPUT_TERMINATION "PARALLEL 60 OHM WITH CALIBRATION" -to HPS_DDR_D[27] -tag __hps_sdram_p0
set_instance_assignment -name OUTPUT_TERMINATION "SERIES 34 OHM WITH CALIBRATION" -to HPS_DDR_D[27] -tag __hps_sdram_p0
set_instance_assignment -name PACKAGE_SKEW_COMPENSATION OFF -to HPS_DDR_D[27] -tag __hps_sdram_p0
set_instance_assignment -name IO_STANDARD "SSTL-135" -to HPS_DDR_D[28] -tag __hps_sdram_p0
set_instance_assignment -name INPUT_TERMINATION "PARALLEL 60 OHM WITH CALIBRATION" -to HPS_DDR_D[28] -tag __hps_sdram_p0
set_instance_assignment -name OUTPUT_TERMINATION "SERIES 34 OHM WITH CALIBRATION" -to HPS_DDR_D[28] -tag __hps_sdram_p0
set_instance_assignment -name PACKAGE_SKEW_COMPENSATION OFF -to HPS_DDR_D[28] -tag __hps_sdram_p0
set_instance_assignment -name IO_STANDARD "SSTL-135" -to HPS_DDR_D[29] -tag __hps_sdram_p0
set_instance_assignment -name INPUT_TERMINATION "PARALLEL 60 OHM WITH CALIBRATION" -to HPS_DDR_D[29] -tag __hps_sdram_p0
set_instance_assignment -name OUTPUT_TERMINATION "SERIES 34 OHM WITH CALIBRATION" -to HPS_DDR_D[29] -tag __hps_sdram_p0
set_instance_assignment -name PACKAGE_SKEW_COMPENSATION OFF -to HPS_DDR_D[29] -tag __hps_sdram_p0
set_instance_assignment -name IO_STANDARD "SSTL-135" -to HPS_DDR_D[30] -tag __hps_sdram_p0
set_instance_assignment -name INPUT_TERMINATION "PARALLEL 60 OHM WITH CALIBRATION" -to HPS_DDR_D[30] -tag __hps_sdram_p0
set_instance_assignment -name OUTPUT_TERMINATION "SERIES 34 OHM WITH CALIBRATION" -to HPS_DDR_D[30] -tag __hps_sdram_p0
set_instance_assignment -name PACKAGE_SKEW_COMPENSATION OFF -to HPS_DDR_D[30] -tag __hps_sdram_p0
set_instance_assignment -name IO_STANDARD "SSTL-135" -to HPS_DDR_D[31] -tag __hps_sdram_p0
set_instance_assignment -name INPUT_TERMINATION "PARALLEL 60 OHM WITH CALIBRATION" -to HPS_DDR_D[31] -tag __hps_sdram_p0
set_instance_assignment -name OUTPUT_TERMINATION "SERIES 34 OHM WITH CALIBRATION" -to HPS_DDR_D[31] -tag __hps_sdram_p0
set_instance_assignment -name PACKAGE_SKEW_COMPENSATION OFF -to HPS_DDR_D[31] -tag __hps_sdram_p0
set_instance_assignment -name IO_STANDARD "SSTL-135" -to HPS_DDR_D[32] -tag __hps_sdram_p0
set_instance_assignment -name INPUT_TERMINATION "PARALLEL 60 OHM WITH CALIBRATION" -to HPS_DDR_D[32] -tag __hps_sdram_p0
set_instance_assignment -name OUTPUT_TERMINATION "SERIES 34 OHM WITH CALIBRATION" -to HPS_DDR_D[32] -tag __hps_sdram_p0
set_instance_assignment -name PACKAGE_SKEW_COMPENSATION OFF -to HPS_DDR_D[32] -tag __hps_sdram_p0
set_instance_assignment -name IO_STANDARD "SSTL-135" -to HPS_DDR_D[33] -tag __hps_sdram_p0
set_instance_assignment -name INPUT_TERMINATION "PARALLEL 60 OHM WITH CALIBRATION" -to HPS_DDR_D[33] -tag __hps_sdram_p0
set_instance_assignment -name OUTPUT_TERMINATION "SERIES 34 OHM WITH CALIBRATION" -to HPS_DDR_D[33] -tag __hps_sdram_p0
set_instance_assignment -name PACKAGE_SKEW_COMPENSATION OFF -to HPS_DDR_D[33] -tag __hps_sdram_p0
set_instance_assignment -name IO_STANDARD "SSTL-135" -to HPS_DDR_D[34] -tag __hps_sdram_p0
set_instance_assignment -name INPUT_TERMINATION "PARALLEL 60 OHM WITH CALIBRATION" -to HPS_DDR_D[34] -tag __hps_sdram_p0
set_instance_assignment -name OUTPUT_TERMINATION "SERIES 34 OHM WITH CALIBRATION" -to HPS_DDR_D[34] -tag __hps_sdram_p0
set_instance_assignment -name PACKAGE_SKEW_COMPENSATION OFF -to HPS_DDR_D[34] -tag __hps_sdram_p0
set_instance_assignment -name IO_STANDARD "SSTL-135" -to HPS_DDR_D[35] -tag __hps_sdram_p0
set_instance_assignment -name INPUT_TERMINATION "PARALLEL 60 OHM WITH CALIBRATION" -to HPS_DDR_D[35] -tag __hps_sdram_p0
set_instance_assignment -name OUTPUT_TERMINATION "SERIES 34 OHM WITH CALIBRATION" -to HPS_DDR_D[35] -tag __hps_sdram_p0
set_instance_assignment -name PACKAGE_SKEW_COMPENSATION OFF -to HPS_DDR_D[35] -tag __hps_sdram_p0
set_instance_assignment -name IO_STANDARD "SSTL-135" -to HPS_DDR_D[36] -tag __hps_sdram_p0
set_instance_assignment -name INPUT_TERMINATION "PARALLEL 60 OHM WITH CALIBRATION" -to HPS_DDR_D[36] -tag __hps_sdram_p0
set_instance_assignment -name OUTPUT_TERMINATION "SERIES 34 OHM WITH CALIBRATION" -to HPS_DDR_D[36] -tag __hps_sdram_p0
set_instance_assignment -name PACKAGE_SKEW_COMPENSATION OFF -to HPS_DDR_D[36] -tag __hps_sdram_p0
set_instance_assignment -name IO_STANDARD "SSTL-135" -to HPS_DDR_D[37] -tag __hps_sdram_p0
set_instance_assignment -name INPUT_TERMINATION "PARALLEL 60 OHM WITH CALIBRATION" -to HPS_DDR_D[37] -tag __hps_sdram_p0
set_instance_assignment -name OUTPUT_TERMINATION "SERIES 34 OHM WITH CALIBRATION" -to HPS_DDR_D[37] -tag __hps_sdram_p0
set_instance_assignment -name PACKAGE_SKEW_COMPENSATION OFF -to HPS_DDR_D[37] -tag __hps_sdram_p0
set_instance_assignment -name IO_STANDARD "SSTL-135" -to HPS_DDR_D[38] -tag __hps_sdram_p0
set_instance_assignment -name INPUT_TERMINATION "PARALLEL 60 OHM WITH CALIBRATION" -to HPS_DDR_D[38] -tag __hps_sdram_p0
set_instance_assignment -name OUTPUT_TERMINATION "SERIES 34 OHM WITH CALIBRATION" -to HPS_DDR_D[38] -tag __hps_sdram_p0
set_instance_assignment -name PACKAGE_SKEW_COMPENSATION OFF -to HPS_DDR_D[38] -tag __hps_sdram_p0
set_instance_assignment -name IO_STANDARD "SSTL-135" -to HPS_DDR_D[39] -tag __hps_sdram_p0
set_instance_assignment -name INPUT_TERMINATION "PARALLEL 60 OHM WITH CALIBRATION" -to HPS_DDR_D[39] -tag __hps_sdram_p0
set_instance_assignment -name OUTPUT_TERMINATION "SERIES 34 OHM WITH CALIBRATION" -to HPS_DDR_D[39] -tag __hps_sdram_p0
set_instance_assignment -name PACKAGE_SKEW_COMPENSATION OFF -to HPS_DDR_D[39] -tag __hps_sdram_p0
set_instance_assignment -name IO_STANDARD "DIFFERENTIAL 1.35-V SSTL" -to HPS_DDR_DQS_P[0] -tag __hps_sdram_p0
set_instance_assignment -name INPUT_TERMINATION "PARALLEL 60 OHM WITH CALIBRATION" -to HPS_DDR_DQS_P[0] -tag __hps_sdram_p0
set_instance_assignment -name OUTPUT_TERMINATION "SERIES 34 OHM WITH CALIBRATION" -to HPS_DDR_DQS_P[0] -tag __hps_sdram_p0
set_instance_assignment -name IO_STANDARD "DIFFERENTIAL 1.35-V SSTL" -to HPS_DDR_DQS_N[0] -tag __hps_sdram_p0
set_instance_assignment -name INPUT_TERMINATION "PARALLEL 60 OHM WITH CALIBRATION" -to HPS_DDR_DQS_N[0] -tag __hps_sdram_p0
set_instance_assignment -name OUTPUT_TERMINATION "SERIES 34 OHM WITH CALIBRATION" -to HPS_DDR_DQS_N[0] -tag __hps_sdram_p0
set_instance_assignment -name IO_STANDARD "SSTL-135" -to HPS_DDR_DQM[0] -tag __hps_sdram_p0
set_instance_assignment -name OUTPUT_TERMINATION "SERIES 34 OHM WITH CALIBRATION" -to HPS_DDR_DQM[0] -tag __hps_sdram_p0
set_instance_assignment -name PACKAGE_SKEW_COMPENSATION OFF -to HPS_DDR_DQM[0] -tag __hps_sdram_p0
set_instance_assignment -name PACKAGE_SKEW_COMPENSATION OFF -to HPS_DDR_DQS_P[0] -tag __hps_sdram_p0
set_instance_assignment -name PACKAGE_SKEW_COMPENSATION OFF -to HPS_DDR_DQS_N[0] -tag __hps_sdram_p0
set_instance_assignment -name IO_STANDARD "DIFFERENTIAL 1.35-V SSTL" -to HPS_DDR_DQS_P[1] -tag __hps_sdram_p0
set_instance_assignment -name INPUT_TERMINATION "PARALLEL 60 OHM WITH CALIBRATION" -to HPS_DDR_DQS_P[1] -tag __hps_sdram_p0
set_instance_assignment -name OUTPUT_TERMINATION "SERIES 34 OHM WITH CALIBRATION" -to HPS_DDR_DQS_P[1] -tag __hps_sdram_p0
set_instance_assignment -name IO_STANDARD "DIFFERENTIAL 1.35-V SSTL" -to HPS_DDR_DQS_N[1] -tag __hps_sdram_p0
set_instance_assignment -name INPUT_TERMINATION "PARALLEL 60 OHM WITH CALIBRATION" -to HPS_DDR_DQS_N[1] -tag __hps_sdram_p0
set_instance_assignment -name OUTPUT_TERMINATION "SERIES 34 OHM WITH CALIBRATION" -to HPS_DDR_DQS_N[1] -tag __hps_sdram_p0
set_instance_assignment -name IO_STANDARD "SSTL-135" -to HPS_DDR_DQM[1] -tag __hps_sdram_p0
set_instance_assignment -name OUTPUT_TERMINATION "SERIES 34 OHM WITH CALIBRATION" -to HPS_DDR_DQM[1] -tag __hps_sdram_p0
set_instance_assignment -name PACKAGE_SKEW_COMPENSATION OFF -to HPS_DDR_DQM[1] -tag __hps_sdram_p0
set_instance_assignment -name PACKAGE_SKEW_COMPENSATION OFF -to HPS_DDR_DQS_P[1] -tag __hps_sdram_p0
set_instance_assignment -name PACKAGE_SKEW_COMPENSATION OFF -to HPS_DDR_DQS_N[1] -tag __hps_sdram_p0
set_instance_assignment -name IO_STANDARD "DIFFERENTIAL 1.35-V SSTL" -to HPS_DDR_DQS_P[2] -tag __hps_sdram_p0
set_instance_assignment -name INPUT_TERMINATION "PARALLEL 60 OHM WITH CALIBRATION" -to HPS_DDR_DQS_P[2] -tag __hps_sdram_p0
set_instance_assignment -name OUTPUT_TERMINATION "SERIES 34 OHM WITH CALIBRATION" -to HPS_DDR_DQS_P[2] -tag __hps_sdram_p0
set_instance_assignment -name IO_STANDARD "DIFFERENTIAL 1.35-V SSTL" -to HPS_DDR_DQS_N[2] -tag __hps_sdram_p0
set_instance_assignment -name INPUT_TERMINATION "PARALLEL 60 OHM WITH CALIBRATION" -to HPS_DDR_DQS_N[2] -tag __hps_sdram_p0
set_instance_assignment -name OUTPUT_TERMINATION "SERIES 34 OHM WITH CALIBRATION" -to HPS_DDR_DQS_N[2] -tag __hps_sdram_p0
set_instance_assignment -name IO_STANDARD "SSTL-135" -to HPS_DDR_DQM[2] -tag __hps_sdram_p0
set_instance_assignment -name OUTPUT_TERMINATION "SERIES 34 OHM WITH CALIBRATION" -to HPS_DDR_DQM[2] -tag __hps_sdram_p0
set_instance_assignment -name PACKAGE_SKEW_COMPENSATION OFF -to HPS_DDR_DQM[2] -tag __hps_sdram_p0
set_instance_assignment -name PACKAGE_SKEW_COMPENSATION OFF -to HPS_DDR_DQS_P[2] -tag __hps_sdram_p0
set_instance_assignment -name PACKAGE_SKEW_COMPENSATION OFF -to HPS_DDR_DQS_N[2] -tag __hps_sdram_p0
set_instance_assignment -name IO_STANDARD "DIFFERENTIAL 1.35-V SSTL" -to HPS_DDR_DQS_P[3] -tag __hps_sdram_p0
set_instance_assignment -name INPUT_TERMINATION "PARALLEL 60 OHM WITH CALIBRATION" -to HPS_DDR_DQS_P[3] -tag __hps_sdram_p0
set_instance_assignment -name OUTPUT_TERMINATION "SERIES 34 OHM WITH CALIBRATION" -to HPS_DDR_DQS_P[3] -tag __hps_sdram_p0
set_instance_assignment -name IO_STANDARD "DIFFERENTIAL 1.35-V SSTL" -to HPS_DDR_DQS_N[3] -tag __hps_sdram_p0
set_instance_assignment -name INPUT_TERMINATION "PARALLEL 60 OHM WITH CALIBRATION" -to HPS_DDR_DQS_N[3] -tag __hps_sdram_p0
set_instance_assignment -name OUTPUT_TERMINATION "SERIES 34 OHM WITH CALIBRATION" -to HPS_DDR_DQS_N[3] -tag __hps_sdram_p0
set_instance_assignment -name IO_STANDARD "SSTL-135" -to HPS_DDR_DQM[3] -tag __hps_sdram_p0
set_instance_assignment -name OUTPUT_TERMINATION "SERIES 34 OHM WITH CALIBRATION" -to HPS_DDR_DQM[3] -tag __hps_sdram_p0
set_instance_assignment -name PACKAGE_SKEW_COMPENSATION OFF -to HPS_DDR_DQM[3] -tag __hps_sdram_p0
set_instance_assignment -name PACKAGE_SKEW_COMPENSATION OFF -to HPS_DDR_DQS_P[3] -tag __hps_sdram_p0
set_instance_assignment -name PACKAGE_SKEW_COMPENSATION OFF -to HPS_DDR_DQS_N[3] -tag __hps_sdram_p0
set_instance_assignment -name IO_STANDARD "DIFFERENTIAL 1.35-V SSTL" -to HPS_DDR_DQS_P[4] -tag __hps_sdram_p0
set_instance_assignment -name INPUT_TERMINATION "PARALLEL 60 OHM WITH CALIBRATION" -to HPS_DDR_DQS_P[4] -tag __hps_sdram_p0
set_instance_assignment -name OUTPUT_TERMINATION "SERIES 34 OHM WITH CALIBRATION" -to HPS_DDR_DQS_P[4] -tag __hps_sdram_p0
set_instance_assignment -name IO_STANDARD "DIFFERENTIAL 1.35-V SSTL" -to HPS_DDR_DQS_N[4] -tag __hps_sdram_p0
set_instance_assignment -name INPUT_TERMINATION "PARALLEL 60 OHM WITH CALIBRATION" -to HPS_DDR_DQS_N[4] -tag __hps_sdram_p0
set_instance_assignment -name OUTPUT_TERMINATION "SERIES 34 OHM WITH CALIBRATION" -to HPS_DDR_DQS_N[4] -tag __hps_sdram_p0
set_instance_assignment -name IO_STANDARD "SSTL-135" -to HPS_DDR_DQM[4] -tag __hps_sdram_p0
set_instance_assignment -name OUTPUT_TERMINATION "SERIES 34 OHM WITH CALIBRATION" -to HPS_DDR_DQM[4] -tag __hps_sdram_p0
set_instance_assignment -name PACKAGE_SKEW_COMPENSATION OFF -to HPS_DDR_DQM[4] -tag __hps_sdram_p0
set_instance_assignment -name PACKAGE_SKEW_COMPENSATION OFF -to HPS_DDR_DQS_P[4] -tag __hps_sdram_p0
set_instance_assignment -name PACKAGE_SKEW_COMPENSATION OFF -to HPS_DDR_DQS_N[4] -tag __hps_sdram_p0
set_instance_assignment -name IO_STANDARD "DIFFERENTIAL 1.35-V SSTL" -to HPS_DDR_CK_P -tag __hps_sdram_p0
set_instance_assignment -name OUTPUT_TERMINATION "SERIES 34 OHM WITHOUT CALIBRATION" -to HPS_DDR_CK_P -tag __hps_sdram_p0
set_instance_assignment -name D5_DELAY 2 -to HPS_DDR_CK_P -tag __hps_sdram_p0
set_instance_assignment -name IO_STANDARD "DIFFERENTIAL 1.35-V SSTL" -to HPS_DDR_CK_N -tag __hps_sdram_p0
set_instance_assignment -name OUTPUT_TERMINATION "SERIES 34 OHM WITHOUT CALIBRATION" -to HPS_DDR_CK_N -tag __hps_sdram_p0
set_instance_assignment -name D5_DELAY 2 -to HPS_DDR_CK_N -tag __hps_sdram_p0
set_instance_assignment -name IO_STANDARD "SSTL-135" -to HPS_DDR_A[0] -tag __hps_sdram_p0
set_instance_assignment -name OUTPUT_TERMINATION "SERIES 34 OHM WITHOUT CALIBRATION" -to HPS_DDR_A[0] -tag __hps_sdram_p0
set_instance_assignment -name PACKAGE_SKEW_COMPENSATION OFF -to HPS_DDR_A[0] -tag __hps_sdram_p0
set_instance_assignment -name IO_STANDARD "SSTL-135" -to HPS_DDR_A[1] -tag __hps_sdram_p0
set_instance_assignment -name OUTPUT_TERMINATION "SERIES 34 OHM WITHOUT CALIBRATION" -to HPS_DDR_A[1] -tag __hps_sdram_p0
set_instance_assignment -name PACKAGE_SKEW_COMPENSATION OFF -to HPS_DDR_A[1] -tag __hps_sdram_p0
set_instance_assignment -name IO_STANDARD "SSTL-135" -to HPS_DDR_A[2] -tag __hps_sdram_p0
set_instance_assignment -name OUTPUT_TERMINATION "SERIES 34 OHM WITHOUT CALIBRATION" -to HPS_DDR_A[2] -tag __hps_sdram_p0
set_instance_assignment -name PACKAGE_SKEW_COMPENSATION OFF -to HPS_DDR_A[2] -tag __hps_sdram_p0
set_instance_assignment -name IO_STANDARD "SSTL-135" -to HPS_DDR_A[3] -tag __hps_sdram_p0
set_instance_assignment -name OUTPUT_TERMINATION "SERIES 34 OHM WITHOUT CALIBRATION" -to HPS_DDR_A[3] -tag __hps_sdram_p0
set_instance_assignment -name PACKAGE_SKEW_COMPENSATION OFF -to HPS_DDR_A[3] -tag __hps_sdram_p0
set_instance_assignment -name IO_STANDARD "SSTL-135" -to HPS_DDR_A[4] -tag __hps_sdram_p0
set_instance_assignment -name OUTPUT_TERMINATION "SERIES 34 OHM WITHOUT CALIBRATION" -to HPS_DDR_A[4] -tag __hps_sdram_p0
set_instance_assignment -name PACKAGE_SKEW_COMPENSATION OFF -to HPS_DDR_A[4] -tag __hps_sdram_p0
set_instance_assignment -name IO_STANDARD "SSTL-135" -to HPS_DDR_A[5] -tag __hps_sdram_p0
set_instance_assignment -name OUTPUT_TERMINATION "SERIES 34 OHM WITHOUT CALIBRATION" -to HPS_DDR_A[5] -tag __hps_sdram_p0
set_instance_assignment -name PACKAGE_SKEW_COMPENSATION OFF -to HPS_DDR_A[5] -tag __hps_sdram_p0
set_instance_assignment -name IO_STANDARD "SSTL-135" -to HPS_DDR_A[6] -tag __hps_sdram_p0
set_instance_assignment -name OUTPUT_TERMINATION "SERIES 34 OHM WITHOUT CALIBRATION" -to HPS_DDR_A[6] -tag __hps_sdram_p0
set_instance_assignment -name PACKAGE_SKEW_COMPENSATION OFF -to HPS_DDR_A[6] -tag __hps_sdram_p0
set_instance_assignment -name IO_STANDARD "SSTL-135" -to HPS_DDR_A[7] -tag __hps_sdram_p0
set_instance_assignment -name OUTPUT_TERMINATION "SERIES 34 OHM WITHOUT CALIBRATION" -to HPS_DDR_A[7] -tag __hps_sdram_p0
set_instance_assignment -name PACKAGE_SKEW_COMPENSATION OFF -to HPS_DDR_A[7] -tag __hps_sdram_p0
set_instance_assignment -name IO_STANDARD "SSTL-135" -to HPS_DDR_A[8] -tag __hps_sdram_p0
set_instance_assignment -name OUTPUT_TERMINATION "SERIES 34 OHM WITHOUT CALIBRATION" -to HPS_DDR_A[8] -tag __hps_sdram_p0
set_instance_assignment -name PACKAGE_SKEW_COMPENSATION OFF -to HPS_DDR_A[8] -tag __hps_sdram_p0
set_instance_assignment -name IO_STANDARD "SSTL-135" -to HPS_DDR_A[9] -tag __hps_sdram_p0
set_instance_assignment -name OUTPUT_TERMINATION "SERIES 34 OHM WITHOUT CALIBRATION" -to HPS_DDR_A[9] -tag __hps_sdram_p0
set_instance_assignment -name PACKAGE_SKEW_COMPENSATION OFF -to HPS_DDR_A[9] -tag __hps_sdram_p0
set_instance_assignment -name IO_STANDARD "SSTL-135" -to HPS_DDR_A[10] -tag __hps_sdram_p0
set_instance_assignment -name OUTPUT_TERMINATION "SERIES 34 OHM WITHOUT CALIBRATION" -to HPS_DDR_A[10] -tag __hps_sdram_p0
set_instance_assignment -name PACKAGE_SKEW_COMPENSATION OFF -to HPS_DDR_A[10] -tag __hps_sdram_p0
set_instance_assignment -name IO_STANDARD "SSTL-135" -to HPS_DDR_A[11] -tag __hps_sdram_p0
set_instance_assignment -name OUTPUT_TERMINATION "SERIES 34 OHM WITHOUT CALIBRATION" -to HPS_DDR_A[11] -tag __hps_sdram_p0
set_instance_assignment -name PACKAGE_SKEW_COMPENSATION OFF -to HPS_DDR_A[11] -tag __hps_sdram_p0
set_instance_assignment -name IO_STANDARD "SSTL-135" -to HPS_DDR_A[12] -tag __hps_sdram_p0
set_instance_assignment -name OUTPUT_TERMINATION "SERIES 34 OHM WITHOUT CALIBRATION" -to HPS_DDR_A[12] -tag __hps_sdram_p0
set_instance_assignment -name PACKAGE_SKEW_COMPENSATION OFF -to HPS_DDR_A[12] -tag __hps_sdram_p0
set_instance_assignment -name IO_STANDARD "SSTL-135" -to HPS_DDR_A[13] -tag __hps_sdram_p0
set_instance_assignment -name OUTPUT_TERMINATION "SERIES 34 OHM WITHOUT CALIBRATION" -to HPS_DDR_A[13] -tag __hps_sdram_p0
set_instance_assignment -name PACKAGE_SKEW_COMPENSATION OFF -to HPS_DDR_A[13] -tag __hps_sdram_p0
set_instance_assignment -name IO_STANDARD "SSTL-135" -to HPS_DDR_A[14] -tag __hps_sdram_p0
set_instance_assignment -name OUTPUT_TERMINATION "SERIES 34 OHM WITHOUT CALIBRATION" -to HPS_DDR_A[14] -tag __hps_sdram_p0
set_instance_assignment -name PACKAGE_SKEW_COMPENSATION OFF -to HPS_DDR_A[14] -tag __hps_sdram_p0
set_instance_assignment -name IO_STANDARD "SSTL-135" -to HPS_DDR_BAS[0] -tag __hps_sdram_p0
set_instance_assignment -name OUTPUT_TERMINATION "SERIES 34 OHM WITHOUT CALIBRATION" -to HPS_DDR_BAS[0] -tag __hps_sdram_p0
set_instance_assignment -name IO_STANDARD "SSTL-135" -to HPS_DDR_BAS[1] -tag __hps_sdram_p0
set_instance_assignment -name OUTPUT_TERMINATION "SERIES 34 OHM WITHOUT CALIBRATION" -to HPS_DDR_BAS[1] -tag __hps_sdram_p0
set_instance_assignment -name IO_STANDARD "SSTL-135" -to HPS_DDR_BAS[2] -tag __hps_sdram_p0
set_instance_assignment -name OUTPUT_TERMINATION "SERIES 34 OHM WITHOUT CALIBRATION" -to HPS_DDR_BAS[2] -tag __hps_sdram_p0
set_instance_assignment -name IO_STANDARD "SSTL-135" -to HPS_DDR_CAS_N -tag __hps_sdram_p0
set_instance_assignment -name OUTPUT_TERMINATION "SERIES 34 OHM WITHOUT CALIBRATION" -to HPS_DDR_CAS_N -tag __hps_sdram_p0
set_instance_assignment -name IO_STANDARD "SSTL-135" -to HPS_DDR_CKE -tag __hps_sdram_p0
set_instance_assignment -name OUTPUT_TERMINATION "SERIES 34 OHM WITHOUT CALIBRATION" -to HPS_DDR_CKE -tag __hps_sdram_p0
set_instance_assignment -name IO_STANDARD "SSTL-135" -to HPS_DDR_CS0_N -tag __hps_sdram_p0
set_instance_assignment -name OUTPUT_TERMINATION "SERIES 34 OHM WITHOUT CALIBRATION" -to HPS_DDR_CS0_N -tag __hps_sdram_p0
set_instance_assignment -name IO_STANDARD "SSTL-135" -to HPS_DDR_RAS_N -tag __hps_sdram_p0
set_instance_assignment -name OUTPUT_TERMINATION "SERIES 34 OHM WITHOUT CALIBRATION" -to HPS_DDR_RAS_N -tag __hps_sdram_p0
set_instance_assignment -name IO_STANDARD "SSTL-135" -to HPS_DDR_WE_N -tag __hps_sdram_p0
set_instance_assignment -name OUTPUT_TERMINATION "SERIES 34 OHM WITHOUT CALIBRATION" -to HPS_DDR_WE_N -tag __hps_sdram_p0
set_instance_assignment -name IO_STANDARD "SSTL-135" -to HPS_ODT -tag __hps_sdram_p0
set_instance_assignment -name OUTPUT_TERMINATION "SERIES 34 OHM WITHOUT CALIBRATION" -to HPS_ODT -tag __hps_sdram_p0
set_instance_assignment -name IO_STANDARD "SSTL-135" -to HPS_DDR_RESET_N -tag __hps_sdram_p0
set_instance_assignment -name OUTPUT_TERMINATION "SERIES 34 OHM WITHOUT CALIBRATION" -to HPS_DDR_RESET_N -tag __hps_sdram_p0
set_instance_assignment -name BOARD_MODEL_FAR_PULLUP_R OPEN -to HPS_DDR_RESET_N -tag __hps_sdram_p0
set_instance_assignment -name BOARD_MODEL_NEAR_PULLUP_R OPEN -to HPS_DDR_RESET_N -tag __hps_sdram_p0
set_instance_assignment -name BOARD_MODEL_FAR_PULLDOWN_R OPEN -to HPS_DDR_RESET_N -tag __hps_sdram_p0
set_instance_assignment -name BOARD_MODEL_NEAR_PULLDOWN_R OPEN -to HPS_DDR_RESET_N -tag __hps_sdram_p0
set_instance_assignment -name PACKAGE_SKEW_COMPENSATION OFF -to HPS_DDR_BAS[0] -tag __hps_sdram_p0
set_instance_assignment -name PACKAGE_SKEW_COMPENSATION OFF -to HPS_DDR_BAS[1] -tag __hps_sdram_p0
set_instance_assignment -name PACKAGE_SKEW_COMPENSATION OFF -to HPS_DDR_BAS[2] -tag __hps_sdram_p0
set_instance_assignment -name PACKAGE_SKEW_COMPENSATION OFF -to HPS_DDR_CAS_N -tag __hps_sdram_p0
set_instance_assignment -name PACKAGE_SKEW_COMPENSATION OFF -to HPS_DDR_CKE -tag __hps_sdram_p0
set_instance_assignment -name PACKAGE_SKEW_COMPENSATION OFF -to HPS_DDR_CS0_N -tag __hps_sdram_p0
set_instance_assignment -name PACKAGE_SKEW_COMPENSATION OFF -to HPS_DDR_RAS_N -tag __hps_sdram_p0
set_instance_assignment -name PACKAGE_SKEW_COMPENSATION OFF -to HPS_DDR_WE_N -tag __hps_sdram_p0
set_instance_assignment -name PACKAGE_SKEW_COMPENSATION OFF -to HPS_ODT -tag __hps_sdram_p0
set_instance_assignment -name PACKAGE_SKEW_COMPENSATION OFF -to HPS_DDR_RESET_N -tag __hps_sdram_p0
set_instance_assignment -name PACKAGE_SKEW_COMPENSATION OFF -to HPS_DDR_CK_P -tag __hps_sdram_p0
set_instance_assignment -name PACKAGE_SKEW_COMPENSATION OFF -to HPS_DDR_CK_N -tag __hps_sdram_p0
set_instance_assignment -name GLOBAL_SIGNAL OFF -to u0|hps_0|hps_io|border|hps_sdram_inst|p0|umemphy|ureset|phy_reset_mem_stable_n -tag __hps_sdram_p0
set_instance_assignment -name GLOBAL_SIGNAL OFF -to u0|hps_0|hps_io|border|hps_sdram_inst|p0|umemphy|ureset|phy_reset_n -tag __hps_sdram_p0
set_instance_assignment -name GLOBAL_SIGNAL OFF -to u0|hps_0|hps_io|border|hps_sdram_inst|p0|umemphy|uio_pads|dq_ddio[0].read_capture_clk_buffer -tag __hps_sdram_p0
set_instance_assignment -name GLOBAL_SIGNAL OFF -to u0|hps_0|hps_io|border|hps_sdram_inst|p0|umemphy|uread_datapath|reset_n_fifo_write_side[0] -tag __hps_sdram_p0
set_instance_assignment -name GLOBAL_SIGNAL OFF -to u0|hps_0|hps_io|border|hps_sdram_inst|p0|umemphy|uread_datapath|reset_n_fifo_wraddress[0] -tag __hps_sdram_p0
set_instance_assignment -name GLOBAL_SIGNAL OFF -to u0|hps_0|hps_io|border|hps_sdram_inst|p0|umemphy|uio_pads|dq_ddio[1].read_capture_clk_buffer -tag __hps_sdram_p0
set_instance_assignment -name GLOBAL_SIGNAL OFF -to u0|hps_0|hps_io|border|hps_sdram_inst|p0|umemphy|uread_datapath|reset_n_fifo_write_side[1] -tag __hps_sdram_p0
set_instance_assignment -name GLOBAL_SIGNAL OFF -to u0|hps_0|hps_io|border|hps_sdram_inst|p0|umemphy|uread_datapath|reset_n_fifo_wraddress[1] -tag __hps_sdram_p0
set_instance_assignment -name GLOBAL_SIGNAL OFF -to u0|hps_0|hps_io|border|hps_sdram_inst|p0|umemphy|uio_pads|dq_ddio[2].read_capture_clk_buffer -tag __hps_sdram_p0
set_instance_assignment -name GLOBAL_SIGNAL OFF -to u0|hps_0|hps_io|border|hps_sdram_inst|p0|umemphy|uread_datapath|reset_n_fifo_write_side[2] -tag __hps_sdram_p0
set_instance_assignment -name GLOBAL_SIGNAL OFF -to u0|hps_0|hps_io|border|hps_sdram_inst|p0|umemphy|uread_datapath|reset_n_fifo_wraddress[2] -tag __hps_sdram_p0
set_instance_assignment -name GLOBAL_SIGNAL OFF -to u0|hps_0|hps_io|border|hps_sdram_inst|p0|umemphy|uio_pads|dq_ddio[3].read_capture_clk_buffer -tag __hps_sdram_p0
set_instance_assignment -name GLOBAL_SIGNAL OFF -to u0|hps_0|hps_io|border|hps_sdram_inst|p0|umemphy|uread_datapath|reset_n_fifo_write_side[3] -tag __hps_sdram_p0
set_instance_assignment -name GLOBAL_SIGNAL OFF -to u0|hps_0|hps_io|border|hps_sdram_inst|p0|umemphy|uread_datapath|reset_n_fifo_wraddress[3] -tag __hps_sdram_p0
set_instance_assignment -name GLOBAL_SIGNAL OFF -to u0|hps_0|hps_io|border|hps_sdram_inst|p0|umemphy|uio_pads|dq_ddio[4].read_capture_clk_buffer -tag __hps_sdram_p0
set_instance_assignment -name GLOBAL_SIGNAL OFF -to u0|hps_0|hps_io|border|hps_sdram_inst|p0|umemphy|uread_datapath|reset_n_fifo_write_side[4] -tag __hps_sdram_p0
set_instance_assignment -name GLOBAL_SIGNAL OFF -to u0|hps_0|hps_io|border|hps_sdram_inst|p0|umemphy|uread_datapath|reset_n_fifo_wraddress[4] -tag __hps_sdram_p0
set_instance_assignment -name ENABLE_BENEFICIAL_SKEW_OPTIMIZATION_FOR_NON_GLOBAL_CLOCKS ON -to u0|hps_0|hps_io|border|hps_sdram_inst -tag __hps_sdram_p0
set_instance_assignment -name PLL_COMPENSATION_MODE DIRECT -to u0|hps_0|hps_io|border|hps_sdram_inst|pll0|fbout -tag __hps_sdram_p0

set_global_assignment -name PARTITION_NETLIST_TYPE SOURCE -section_id Top
set_global_assignment -name PARTITION_FITTER_PRESERVATION_LEVEL PLACEMENT_AND_ROUTING -section_id Top
set_global_assignment -name PARTITION_COLOR 16764057 -section_id Top





set_instance_assignment -name PARTITION_HIERARCHY root_partition -to | -section_id Top
